
Microsoft Visual Studio Solution File, Format Version 12.00
# Visual Studio Version 17
VisualStudioVersion = 17.14.36301.6 d17.14
MinimumVisualStudioVersion = 10.0.40219.1
Project("{F184B08F-C81C-45F6-A57F-5ABD9991F28F}") = "EjemploVB", "EjemploVB\EjemploVB.vbproj", "{1A342526-C1E3-4ECF-A1E8-477F38DC05DD}"
EndProject
Global
	GlobalSection(SolutionConfigurationPlatforms) = preSolution
		Debug|Any CPU = Debug|Any CPU
		Release|Any CPU = Release|Any CPU
	EndGlobalSection
	GlobalSection(ProjectConfigurationPlatforms) = postSolution
		{1A342526-C1E3-4ECF-A1E8-477F38DC05DD}.Debug|Any CPU.ActiveCfg = Debug|Any CPU
		{1A342526-C1E3-4ECF-A1E8-477F38DC05DD}.Debug|Any CPU.Build.0 = Debug|Any CPU
		{1A342526-C1E3-4ECF-A1E8-477F38DC05DD}.Release|Any CPU.ActiveCfg = Release|Any CPU
		{1A342526-C1E3-4ECF-A1E8-477F38DC05DD}.Release|Any CPU.Build.0 = Release|Any CPU
	EndGlobalSection
	GlobalSection(SolutionProperties) = preSolution
		HideSolutionNode = FALSE
	EndGlobalSection
	GlobalSection(ExtensibilityGlobals) = postSolution
		SolutionGuid = {4F8619E0-2CE9-41AD-9EC6-46822B8717C6}
	EndGlobalSection
EndGlobal
