
Microsoft Visual Studio Solution File, Format Version 12.00
# Visual Studio Version 17
VisualStudioVersion = 17.14.36301.6 d17.14
MinimumVisualStudioVersion = 10.0.40219.1
Project("{FAE04EC0-301F-11D3-BF4B-00C04F79EFBC}") = "Tarea7_Prog_Vis_I", "Tarea7_Prog_Vis_I\Tarea7_Prog_Vis_I.csproj", "{B49EE03F-0221-462A-8595-83B9944A66D4}"
EndProject
Global
	GlobalSection(SolutionConfigurationPlatforms) = preSolution
		Debug|Any CPU = Debug|Any CPU
		Release|Any CPU = Release|Any CPU
	EndGlobalSection
	GlobalSection(ProjectConfigurationPlatforms) = postSolution
		{B49EE03F-0221-462A-8595-83B9944A66D4}.Debug|Any CPU.ActiveCfg = Debug|Any CPU
		{B49EE03F-0221-462A-8595-83B9944A66D4}.Debug|Any CPU.Build.0 = Debug|Any CPU
		{B49EE03F-0221-462A-8595-83B9944A66D4}.Release|Any CPU.ActiveCfg = Release|Any CPU
		{B49EE03F-0221-462A-8595-83B9944A66D4}.Release|Any CPU.Build.0 = Release|Any CPU
	EndGlobalSection
	GlobalSection(SolutionProperties) = preSolution
		HideSolutionNode = FALSE
	EndGlobalSection
	GlobalSection(ExtensibilityGlobals) = postSolution
		SolutionGuid = {84B18F4F-4897-4CC6-A35A-20F25171C0AC}
	EndGlobalSection
EndGlobal
